<?xml version="1.0" encoding="utf-8"?>
<Project ToolsVersion="4.0" xmlns="http://schemas.microsoft.com/developer/msbuild/2003">
  <ItemGroup>
    <Filter Include="Fichiers sources">
      <UniqueIdentifier>{4FC737F1-C7A5-4376-A066-2A32D752A2FF}</UniqueIdentifier>
      <Extensions>cpp;c;cc;cxx;c++;cppm;ixx;def;odl;idl;hpj;bat;asm;asmx</Extensions>
    </Filter>
    <Filter Include="Fichiers d%27en-tête">
      <UniqueIdentifier>{93995380-89BD-4b04-88EB-625FBE52EBFB}</UniqueIdentifier>
      <Extensions>h;hh;hpp;hxx;h++;hm;inl;inc;ipp;xsd</Extensions>
    </Filter>
    <Filter Include="Ressources">
      <UniqueIdentifier>{dc9bd9eb-c472-43b6-a6c9-ab90da8599e7}</UniqueIdentifier>
    </Filter>
    <Filter Include="Ressources\Shader">
      <UniqueIdentifier>{65ad96f3-5c0a-4771-8dbb-e05be3580e3d}</UniqueIdentifier>
    </Filter>
    <Filter Include="Ressources\Texture">
      <UniqueIdentifier>{c0b81ec2-39c3-46c0-8cf7-00ebb44ee9f1}</UniqueIdentifier>
    </Filter>
  </ItemGroup>
  <ItemGroup>
    <ClCompile Include="glad.c">
      <Filter>Fichiers sources</Filter>
    </ClCompile>
    <ClCompile Include="main.cpp">
      <Filter>Fichiers sources</Filter>
    </ClCompile>
    <ClCompile Include="ShaderClass.cpp">
      <Filter>Fichiers sources</Filter>
    </ClCompile>
    <ClCompile Include="VBOClass.cpp">
      <Filter>Fichiers sources</Filter>
    </ClCompile>
    <ClCompile Include="EBOClass.cpp">
      <Filter>Fichiers sources</Filter>
    </ClCompile>
    <ClCompile Include="VAOClass.cpp">
      <Filter>Fichiers sources</Filter>
    </ClCompile>
    <ClCompile Include="stb.cpp">
      <Filter>Fichiers sources</Filter>
    </ClCompile>
    <ClCompile Include="TextureClass.cpp">
      <Filter>Fichiers sources</Filter>
    </ClCompile>
    <ClCompile Include="Camera.cpp">
      <Filter>Fichiers sources</Filter>
    </ClCompile>
    <ClCompile Include="Board.cpp">
      <Filter>Fichiers sources</Filter>
    </ClCompile>
    <ClCompile Include="Piece.cpp">
      <Filter>Fichiers sources</Filter>
    </ClCompile>
  </ItemGroup>
  <ItemGroup>
    <ClInclude Include="ShaderClass.h">
      <Filter>Fichiers d%27en-tête</Filter>
    </ClInclude>
    <ClInclude Include="VBOClass.h">
      <Filter>Fichiers d%27en-tête</Filter>
    </ClInclude>
    <ClInclude Include="EBOClass.h">
      <Filter>Fichiers d%27en-tête</Filter>
    </ClInclude>
    <ClInclude Include="VAOClass.h">
      <Filter>Fichiers d%27en-tête</Filter>
    </ClInclude>
    <ClInclude Include="TextureClass.h">
      <Filter>Fichiers d%27en-tête</Filter>
    </ClInclude>
    <ClInclude Include="Camera.h">
      <Filter>Fichiers d%27en-tête</Filter>
    </ClInclude>
    <ClInclude Include="Global.h">
      <Filter>Fichiers d%27en-tête</Filter>
    </ClInclude>
    <ClInclude Include="Board.h">
      <Filter>Fichiers d%27en-tête</Filter>
    </ClInclude>
    <ClInclude Include="Piece.h">
      <Filter>Fichiers d%27en-tête</Filter>
    </ClInclude>
  </ItemGroup>
  <ItemGroup>
    <None Include="Board.frag">
      <Filter>Ressources\Shader</Filter>
    </None>
    <None Include="Board.vert">
      <Filter>Ressources\Shader</Filter>
    </None>
    <None Include="Piece.vert">
      <Filter>Ressources\Shader</Filter>
    </None>
    <None Include="Piece.frag">
      <Filter>Ressources\Shader</Filter>
    </None>
  </ItemGroup>
  <ItemGroup>
    <Image Include="Textures\Bishop_Black.png">
      <Filter>Ressources\Texture</Filter>
    </Image>
    <Image Include="Textures\Bishop_White.png">
      <Filter>Ressources\Texture</Filter>
    </Image>
    <Image Include="Textures\King_Black.png">
      <Filter>Ressources\Texture</Filter>
    </Image>
    <Image Include="Textures\King_White.png">
      <Filter>Ressources\Texture</Filter>
    </Image>
    <Image Include="Textures\Knight_Black.png">
      <Filter>Ressources\Texture</Filter>
    </Image>
    <Image Include="Textures\Knight_White.png">
      <Filter>Ressources\Texture</Filter>
    </Image>
    <Image Include="Textures\Pawn_Black.png">
      <Filter>Ressources\Texture</Filter>
    </Image>
    <Image Include="Textures\Pawn_White.png">
      <Filter>Ressources\Texture</Filter>
    </Image>
    <Image Include="Textures\Queen_Black.png">
      <Filter>Ressources\Texture</Filter>
    </Image>
    <Image Include="Textures\Queen_White.png">
      <Filter>Ressources\Texture</Filter>
    </Image>
    <Image Include="Textures\Rook_Black.png">
      <Filter>Ressources\Texture</Filter>
    </Image>
    <Image Include="Textures\Rook_White.png">
      <Filter>Ressources\Texture</Filter>
    </Image>
  </ItemGroup>
</Project>